
Microsoft Visual Studio Solution File, Format Version 12.00
# Visual Studio Version 16
VisualStudioVersion = 16.0.28809.33
MinimumVisualStudioVersion = 10.0.40219.1
Project("{9A19103F-16F7-4668-BE54-9A1E7A4F7556}") = "Milos.Data", "Milos.Data\Milos.Data.csproj", "{08E5BCC5-2BB3-4F48-9A09-134E4089285A}"
EndProject
Project("{9A19103F-16F7-4668-BE54-9A1E7A4F7556}") = "Milos.Data.SqlServer", "Milos.Data.SqlServer\Milos.Data.SqlServer.csproj", "{DB1C831E-6248-4F83-A4F0-46F7FE0175BB}"
EndProject
Project("{9A19103F-16F7-4668-BE54-9A1E7A4F7556}") = "Milos.BusinessObjects", "Milos.BusinessObjects\Milos.BusinessObjects.csproj", "{10F99A01-9114-4301-A316-BC78618FB9DA}"
EndProject
Project("{9A19103F-16F7-4668-BE54-9A1E7A4F7556}") = "Milos.Business.DocumentManagement", "Milos.Business.DocumentManagement\Milos.Business.DocumentManagement.csproj", "{EC7F8E38-FF49-4CA4-BAC0-11BF34E80558}"
EndProject
Project("{9A19103F-16F7-4668-BE54-9A1E7A4F7556}") = "Milos.Business.Financial", "Milos.Business.Financial\Milos.Business.Financial.csproj", "{C5EC343B-679F-4C54-9E9F-15C37AB62794}"
EndProject
Project("{9A19103F-16F7-4668-BE54-9A1E7A4F7556}") = "Milos.Services.Contracts", "Milos.Services.Contracts\Milos.Services.Contracts.csproj", "{850DF609-8931-4D56-865D-A9411FA6C3F6}"
EndProject
Project("{9A19103F-16F7-4668-BE54-9A1E7A4F7556}") = "Milos.Business.Names", "Milos.Business.Names\Milos.Business.Names.csproj", "{4FD8FB78-6498-4014-A010-980900B3934B}"
EndProject
Global
	GlobalSection(SolutionConfigurationPlatforms) = preSolution
		Debug|Any CPU = Debug|Any CPU
		Release|Any CPU = Release|Any CPU
	EndGlobalSection
	GlobalSection(ProjectConfigurationPlatforms) = postSolution
		{08E5BCC5-2BB3-4F48-9A09-134E4089285A}.Debug|Any CPU.ActiveCfg = Debug|Any CPU
		{08E5BCC5-2BB3-4F48-9A09-134E4089285A}.Debug|Any CPU.Build.0 = Debug|Any CPU
		{08E5BCC5-2BB3-4F48-9A09-134E4089285A}.Release|Any CPU.ActiveCfg = Release|Any CPU
		{08E5BCC5-2BB3-4F48-9A09-134E4089285A}.Release|Any CPU.Build.0 = Release|Any CPU
		{DB1C831E-6248-4F83-A4F0-46F7FE0175BB}.Debug|Any CPU.ActiveCfg = Debug|Any CPU
		{DB1C831E-6248-4F83-A4F0-46F7FE0175BB}.Debug|Any CPU.Build.0 = Debug|Any CPU
		{DB1C831E-6248-4F83-A4F0-46F7FE0175BB}.Release|Any CPU.ActiveCfg = Release|Any CPU
		{DB1C831E-6248-4F83-A4F0-46F7FE0175BB}.Release|Any CPU.Build.0 = Release|Any CPU
		{10F99A01-9114-4301-A316-BC78618FB9DA}.Debug|Any CPU.ActiveCfg = Debug|Any CPU
		{10F99A01-9114-4301-A316-BC78618FB9DA}.Debug|Any CPU.Build.0 = Debug|Any CPU
		{10F99A01-9114-4301-A316-BC78618FB9DA}.Release|Any CPU.ActiveCfg = Release|Any CPU
		{10F99A01-9114-4301-A316-BC78618FB9DA}.Release|Any CPU.Build.0 = Release|Any CPU
		{EC7F8E38-FF49-4CA4-BAC0-11BF34E80558}.Debug|Any CPU.ActiveCfg = Debug|Any CPU
		{EC7F8E38-FF49-4CA4-BAC0-11BF34E80558}.Debug|Any CPU.Build.0 = Debug|Any CPU
		{EC7F8E38-FF49-4CA4-BAC0-11BF34E80558}.Release|Any CPU.ActiveCfg = Release|Any CPU
		{EC7F8E38-FF49-4CA4-BAC0-11BF34E80558}.Release|Any CPU.Build.0 = Release|Any CPU
		{C5EC343B-679F-4C54-9E9F-15C37AB62794}.Debug|Any CPU.ActiveCfg = Debug|Any CPU
		{C5EC343B-679F-4C54-9E9F-15C37AB62794}.Debug|Any CPU.Build.0 = Debug|Any CPU
		{C5EC343B-679F-4C54-9E9F-15C37AB62794}.Release|Any CPU.ActiveCfg = Release|Any CPU
		{C5EC343B-679F-4C54-9E9F-15C37AB62794}.Release|Any CPU.Build.0 = Release|Any CPU
		{850DF609-8931-4D56-865D-A9411FA6C3F6}.Debug|Any CPU.ActiveCfg = Debug|Any CPU
		{850DF609-8931-4D56-865D-A9411FA6C3F6}.Debug|Any CPU.Build.0 = Debug|Any CPU
		{850DF609-8931-4D56-865D-A9411FA6C3F6}.Release|Any CPU.ActiveCfg = Release|Any CPU
		{850DF609-8931-4D56-865D-A9411FA6C3F6}.Release|Any CPU.Build.0 = Release|Any CPU
		{4FD8FB78-6498-4014-A010-980900B3934B}.Debug|Any CPU.ActiveCfg = Debug|Any CPU
		{4FD8FB78-6498-4014-A010-980900B3934B}.Debug|Any CPU.Build.0 = Debug|Any CPU
		{4FD8FB78-6498-4014-A010-980900B3934B}.Release|Any CPU.ActiveCfg = Release|Any CPU
		{4FD8FB78-6498-4014-A010-980900B3934B}.Release|Any CPU.Build.0 = Release|Any CPU
	EndGlobalSection
	GlobalSection(SolutionProperties) = preSolution
		HideSolutionNode = FALSE
	EndGlobalSection
	GlobalSection(ExtensibilityGlobals) = postSolution
		SolutionGuid = {2C360866-4D43-4C91-8FC0-6A399F141061}
	EndGlobalSection
EndGlobal
